{
  "name": "sam-lib",
  "version": "0.1.0",
  "lockfileVersion": 3,
  "requires": true,
  "packages": {
    "": {
      "name": "sam-lib",
      "version": "0.1.0",
      "license": "Apache-2.0",
      "devDependencies": {}
    },
    "node_modules/nop-lib": {
      "extraneous": true
    },
    "node_modules/sam-lib": {
      "extraneous": true
    }
  }
}
